// !$*UTF8*$!
{
	archiveVersion = 1;
	classes = {
	};
	objectVersion = 48;
	objects = {

/* Begin PBXBuildFile section */
		CB455F1B1FFC60B500B9D326 /* AppDelegate.swift in Sources */ = {isa = PBXBuildFile; fileRef = CB455F1A1FFC60B500B9D326 /* AppDelegate.swift */; };
		CB455F1D1FFC60B500B9D326 /* ViewController.swift in Sources */ = {isa = PBXBuildFile; fileRef = CB455F1C1FFC60B500B9D326 /* ViewController.swift */; };
		CB455F201FFC60B500B9D326 /* Main.storyboard in Resources */ = {isa = PBXBuildFile; fileRef = CB455F1E1FFC60B500B9D326 /* Main.storyboard */; };
		CB455F221FFC60B500B9D326 /* Assets.xcassets in Resources */ = {isa = PBXBuildFile; fileRef = CB455F211FFC60B500B9D326 /* Assets.xcassets */; };
		CB455F251FFC60B500B9D326 /* LaunchScreen.storyboard in Resources */ = {isa = PBXBuildFile; fileRef = CB455F231FFC60B500B9D326 /* LaunchScreen.storyboard */; };
		CB455F2E1FFC66D900B9D326 /* CoreLocation.framework in Frameworks */ = {isa = PBXBuildFile; fileRef = CB455F2D1FFC66D900B9D326 /* CoreLocation.framework */; };
/* End PBXBuildFile section */

/* Begin PBXFileReference section */
		CB455F171FFC60B500B9D326 /* SoundOverlow.app */ = {isa = PBXFileReference; explicitFileType = wrapper.application; includeInIndex = 0; path = SoundOverlow.app; sourceTree = BUILT_PRODUCTS_DIR; };
		CB455F1A1FFC60B500B9D326 /* AppDelegate.swift */ = {isa = PBXFileReference; lastKnownFileType = sourcecode.swift; path = AppDelegate.swift; sourceTree = "<group>"; };
		CB455F1C1FFC60B500B9D326 /* ViewController.swift */ = {isa = PBXFileReference; lastKnownFileType = sourcecode.swift; path = ViewController.swift; sourceTree = "<group>"; };
		CB455F1F1FFC60B500B9D326 /* Base */ = {isa = PBXFileReference; lastKnownFileType = file.storyboard; name = Base; path = Base.lproj/Main.storyboard; sourceTree = "<group>"; };
		CB455F211FFC60B500B9D326 /* Assets.xcassets */ = {isa = PBXFileReference; lastKnownFileType = folder.assetcatalog; path = Assets.xcassets; sourceTree = "<group>"; };
		CB455F241FFC60B500B9D326 /* Base */ = {isa = PBXFileReference; lastKnownFileType = file.storyboard; name = Base; path = Base.lproj/LaunchScreen.storyboard; sourceTree = "<group>"; };
		CB455F261FFC60B500B9D326 /* Info.plist */ = {isa = PBXFileReference; lastKnownFileType = text.plist.xml; path = Info.plist; sourceTree = "<group>"; };
		CB455F2D1FFC66D900B9D326 /* CoreLocation.framework */ = {isa = PBXFileReference; lastKnownFileType = wrapper.framework; name = CoreLocation.framework; path = System/Library/Frameworks/CoreLocation.framework; sourceTree = SDKROOT; };
		CB455F2F1FFC66E400B9D326 /* MapKit.framework */ = {isa = PBXFileReference; lastKnownFileType = wrapper.framework; name = MapKit.framework; path = System/Library/Frameworks/MapKit.framework; sourceTree = SDKROOT; };
/* End PBXFileReference section */

/* Begin PBXFrameworksBuildPhase section */
		CB455F141FFC60B500B9D326 /* Frameworks */ = {
			isa = PBXFrameworksBuildPhase;
			buildActionMask = 2147483647;
			files = (
				CB455F2E1FFC66D900B9D326 /* CoreLocation.framework in Frameworks */,
			);
			runOnlyForDeploymentPostprocessing = 0;
		};
/* End PBXFrameworksBuildPhase section */

/* Begin PBXGroup section */
		CB455F0E1FFC60B500B9D326 = {
			isa = PBXGroup;
			children = (
				CB455F191FFC60B500B9D326 /* SoundOverlow */,
				CB455F181FFC60B500B9D326 /* Products */,
				CB455F2C1FFC66D900B9D326 /* Frameworks */,
			);
			sourceTree = "<group>";
		};
		CB455F181FFC60B500B9D326 /* Products */ = {
			isa = PBXGroup;
			children = (
				CB455F171FFC60B500B9D326 /* SoundOverlow.app */,
			);
			name = Products;
			sourceTree = "<group>";
		};
		CB455F191FFC60B500B9D326 /* SoundOverlow */ = {
			isa = PBXGroup;
			children = (
				CB455F1A1FFC60B500B9D326 /* AppDelegate.swift */,
				CB455F1C1FFC60B500B9D326 /* ViewController.swift */,
				CB455F1E1FFC60B500B9D326 /* Main.storyboard */,
				CB455F211FFC60B500B9D326 /* Assets.xcassets */,
				CB455F231FFC60B500B9D326 /* LaunchScreen.storyboard */,
				CB455F261FFC60B500B9D326 /* Info.plist */,
			);
			path = SoundOverlow;
			sourceTree = "<group>";
		};
		CB455F2C1FFC66D900B9D326 /* Frameworks */ = {
			isa = PBXGroup;
			children = (
				CB455F2F1FFC66E400B9D326 /* MapKit.framework */,
				CB455F2D1FFC66D900B9D326 /* CoreLocation.framework */,
			);
			name = Frameworks;
			sourceTree = "<group>";
		};
/* End PBXGroup section */

/* Begin PBXNativeTarget section */
		CB455F161FFC60B500B9D326 /* SoundOverlow */ = {
			isa = PBXNativeTarget;
			buildConfigurationList = CB455F291FFC60B500B9D326 /* Build configuration list for PBXNativeTarget "SoundOverlow" */;
			buildPhases = (
				CB455F131FFC60B500B9D326 /* Sources */,
				CB455F141FFC60B500B9D326 /* Frameworks */,
				CB455F151FFC60B500B9D326 /* Resources */,
			);
			buildRules = (
			);
			dependencies = (
			);
			name = SoundOverlow;
			productName = SoundOverlow;
			productReference = CB455F171FFC60B500B9D326 /* SoundOverlow.app */;
			productType = "com.apple.product-type.application";
		};
/* End PBXNativeTarget section */

/* Begin PBXProject section */
		CB455F0F1FFC60B500B9D326 /* Project object */ = {
			isa = PBXProject;
			attributes = {
				LastSwiftUpdateCheck = 0920;
				LastUpgradeCheck = 0920;
				ORGANIZATIONNAME = "Tanja  Stroble";
				TargetAttributes = {
					CB455F161FFC60B500B9D326 = {
						CreatedOnToolsVersion = 9.2;
						ProvisioningStyle = Automatic;
					};
				};
			};
			buildConfigurationList = CB455F121FFC60B500B9D326 /* Build configuration list for PBXProject "SoundOverlow" */;
			compatibilityVersion = "Xcode 8.0";
			developmentRegion = en;
			hasScannedForEncodings = 0;
			knownRegions = (
				en,
				Base,
			);
			mainGroup = CB455F0E1FFC60B500B9D326;
			productRefGroup = CB455F181FFC60B500B9D326 /* Products */;
			projectDirPath = "";
			projectRoot = "";
			targets = (
				CB455F161FFC60B500B9D326 /* SoundOverlow */,
			);
		};
/* End PBXProject section */

/* Begin PBXResourcesBuildPhase section */
		CB455F151FFC60B500B9D326 /* Resources */ = {
			isa = PBXResourcesBuildPhase;
			buildActionMask = 2147483647;
			files = (
				CB455F251FFC60B500B9D326 /* LaunchScreen.storyboard in Resources */,
				CB455F221FFC60B500B9D326 /* Assets.xcassets in Resources */,
				CB455F201FFC60B500B9D326 /* Main.storyboard in Resources */,
			);
			runOnlyForDeploymentPostprocessing = 0;
		};
/* End PBXResourcesBuildPhase section */

/* Begin PBXSourcesBuildPhase section */
		CB455F131FFC60B500B9D326 /* Sources */ = {
			isa = PBXSourcesBuildPhase;
			buildActionMask = 2147483647;
			files = (
				CB455F1D1FFC60B500B9D326 /* ViewController.swift in Sources */,
				CB455F1B1FFC60B500B9D326 /* AppDelegate.swift in Sources */,
			);
			runOnlyForDeploymentPostprocessing = 0;
		};
/* End PBXSourcesBuildPhase section */

/* Begin PBXVariantGroup section */
		CB455F1E1FFC60B500B9D326 /* Main.storyboard */ = {
			isa = PBXVariantGroup;
			children = (
				CB455F1F1FFC60B500B9D326 /* Base */,
			);
			name = Main.storyboard;
			sourceTree = "<group>";
		};
		CB455F231FFC60B500B9D326 /* LaunchScreen.storyboard */ = {
			isa = PBXVariantGroup;
			children = (
				CB455F241FFC60B500B9D326 /* Base */,
			);
			name = LaunchScreen.storyboard;
			sourceTree = "<group>";
		};
/* End PBXVariantGroup section */

/* Begin XCBuildConfiguration section */
		CB455F271FFC60B500B9D326 /* Debug */ = {
			isa = XCBuildConfiguration;
			buildSettings = {
				ALWAYS_SEARCH_USER_PATHS = NO;
				CLANG_ANALYZER_NONNULL = YES;
				CLANG_ANALYZER_NUMBER_OBJECT_CONVERSION = YES_AGGRESSIVE;
				CLANG_CXX_LANGUAGE_STANDARD = "gnu++14";
				CLANG_CXX_LIBRARY = "libc++";
				CLANG_ENABLE_MODULES = YES;
				CLANG_ENABLE_OBJC_ARC = YES;
				CLANG_WARN_BLOCK_CAPTURE_AUTORELEASING = YES;
				CLANG_WARN_BOOL_CONVERSION = YES;
				CLANG_WARN_COMMA = YES;
				CLANG_WARN_CONSTANT_CONVERSION = YES;
				CLANG_WARN_DIRECT_OBJC_ISA_USAGE = YES_ERROR;
				CLANG_WARN_DOCUMENTATION_COMMENTS = YES;
				CLANG_WARN_EMPTY_BODY = YES;
				CLANG_WARN_ENUM_CONVERSION = YES;
				CLANG_WARN_INFINITE_RECURSION = YES;
				CLANG_WARN_INT_CONVERSION = YES;
				CLANG_WARN_NON_LITERAL_NULL_CONVERSION = YES;
				CLANG_WARN_OBJC_LITERAL_CONVERSION = YES;
				CLANG_WARN_OBJC_ROOT_CLASS = YES_ERROR;
				CLANG_WARN_RANGE_LOOP_ANALYSIS = YES;
				CLANG_WARN_STRICT_PROTOTYPES = YES;
				CLANG_WARN_SUSPICIOUS_MOVE = YES;
				CLANG_WARN_UNGUARDED_AVAILABILITY = YES_AGGRESSIVE;
				CLANG_WARN_UNREACHABLE_CODE = YES;
				CLANG_WARN__DUPLICATE_METHOD_MATCH = YES;
				CODE_SIGN_IDENTITY = "iPhone Developer";
				COPY_PHASE_STRIP = NO;
				DEBUG_INFORMATION_FORMAT = dwarf;
				ENABLE_STRICT_OBJC_MSGSEND = YES;
				ENABLE_TESTABILITY = YES;
				GCC_C_LANGUAGE_STANDARD = gnu11;
				GCC_DYNAMIC_NO_PIC = NO;
				GCC_NO_COMMON_BLOCKS = YES;
				GCC_OPTIMIZATION_LEVEL = 0;
				GCC_PREPROCESSOR_DEFINITIONS = (
					"DEBUG=1",
					"$(inherited)",
				);
				GCC_WARN_64_TO_32_BIT_CONVERSION = YES;
				GCC_WARN_ABOUT_RETURN_TYPE = YES_ERROR;
				GCC_WARN_UNDECLARED_SELECTOR = YES;
				GCC_WARN_UNINITIALIZED_AUTOS = YES_AGGRESSIVE;
				GCC_WARN_UNUSED_FUNCTION = YES;
				GCC_WARN_UNUSED_VARIABLE = YES;
				IPHONEOS_DEPLOYMENT_TARGET = 11.2;
				MTL_ENABLE_DEBUG_INFO = YES;
				ONLY_ACTIVE_ARCH = YES;
				SDKROOT = iphoneos;
				SWIFT_ACTIVE_COMPILATION_CONDITIONS = DEBUG;
				SWIFT_OPTIMIZATION_LEVEL = "-Onone";
			};
			name = Debug;
		};
		CB455F281FFC60B500B9D326 /* Release */ = {
			isa = XCBuildConfiguration;
			buildSettings = {
				ALWAYS_SEARCH_USER_PATHS = NO;
				CLANG_ANALYZER_NONNULL = YES;
				CLANG_ANALYZER_NUMBER_OBJECT_CONVERSION = YES_AGGRESSIVE;
				CLANG_CXX_LANGUAGE_STANDARD = "gnu++14";
				CLANG_CXX_LIBRARY = "libc++";
				CLANG_ENABLE_MODULES = YES;
				CLANG_ENABLE_OBJC_ARC = YES;
				CLANG_WARN_BLOCK_CAPTURE_AUTORELEASING = YES;
				CLANG_WARN_BOOL_CONVERSION = YES;
				CLANG_WARN_COMMA = YES;
				CLANG_WARN_CONSTANT_CONVERSION = YES;
				CLANG_WARN_DIRECT_OBJC_ISA_USAGE = YES_ERROR;
				CLANG_WARN_DOCUMENTATION_COMMENTS = YES;
				CLANG_WARN_EMPTY_BODY = YES;
				CLANG_WARN_ENUM_CONVERSION = YES;
				CLANG_WARN_INFINITE_RECURSION = YES;
				CLANG_WARN_INT_CONVERSION = YES;
				CLANG_WARN_NON_LITERAL_NULL_CONVERSION = YES;
				CLANG_WARN_OBJC_LITERAL_CONVERSION = YES;
				CLANG_WARN_OBJC_ROOT_CLASS = YES_ERROR;
				CLANG_WARN_RANGE_LOOP_ANALYSIS = YES;
				CLANG_WARN_STRICT_PROTOTYPES = YES;
				CLANG_WARN_SUSPICIOUS_MOVE = YES;
				CLANG_WARN_UNGUARDED_AVAILABILITY = YES_AGGRESSIVE;
				CLANG_WARN_UNREACHABLE_CODE = YES;
				CLANG_WARN__DUPLICATE_METHOD_MATCH = YES;
				CODE_SIGN_IDENTITY = "iPhone Developer";
				COPY_PHASE_STRIP = NO;
				DEBUG_INFORMATION_FORMAT = "dwarf-with-dsym";
				ENABLE_NS_ASSERTIONS = NO;
				ENABLE_STRICT_OBJC_MSGSEND = YES;
				GCC_C_LANGUAGE_STANDARD = gnu11;
				GCC_NO_COMMON_BLOCKS = YES;
				GCC_WARN_64_TO_32_BIT_CONVERSION = YES;
				GCC_WARN_ABOUT_RETURN_TYPE = YES_ERROR;
				GCC_WARN_UNDECLARED_SELECTOR = YES;
				GCC_WARN_UNINITIALIZED_AUTOS = YES_AGGRESSIVE;
				GCC_WARN_UNUSED_FUNCTION = YES;
				GCC_WARN_UNUSED_VARIABLE = YES;
				IPHONEOS_DEPLOYMENT_TARGET = 11.2;
				MTL_ENABLE_DEBUG_INFO = NO;
				SDKROOT = iphoneos;
				SWIFT_OPTIMIZATION_LEVEL = "-Owholemodule";
				VALIDATE_PRODUCT = YES;
			};
			name = Release;
		};
		CB455F2A1FFC60B500B9D326 /* Debug */ = {
			isa = XCBuildConfiguration;
			buildSettings = {
				ASSETCATALOG_COMPILER_APPICON_NAME = AppIcon;
				CODE_SIGN_STYLE = Automatic;
				DEVELOPMENT_TEAM = RK8692CCSK;
				INFOPLIST_FILE = SoundOverlow/Info.plist;
				LD_RUNPATH_SEARCH_PATHS = "$(inherited) @executable_path/Frameworks";
				PRODUCT_BUNDLE_IDENTIFIER = Tanja.SoundOverlow;
				PRODUCT_NAME = "$(TARGET_NAME)";
				SWIFT_VERSION = 4.0;
				TARGETED_DEVICE_FAMILY = "1,2";
			};
			name = Debug;
		};
		CB455F2B1FFC60B500B9D326 /* Release */ = {
			isa = XCBuildConfiguration;
			buildSettings = {
				ASSETCATALOG_COMPILER_APPICON_NAME = AppIcon;
				CODE_SIGN_STYLE = Automatic;
				DEVELOPMENT_TEAM = RK8692CCSK;
				INFOPLIST_FILE = SoundOverlow/Info.plist;
				LD_RUNPATH_SEARCH_PATHS = "$(inherited) @executable_path/Frameworks";
				PRODUCT_BUNDLE_IDENTIFIER = Tanja.SoundOverlow;
				PRODUCT_NAME = "$(TARGET_NAME)";
				SWIFT_VERSION = 4.0;
				TARGETED_DEVICE_FAMILY = "1,2";
			};
			name = Release;
		};
/* End XCBuildConfiguration section */

/* Begin XCConfigurationList section */
		CB455F121FFC60B500B9D326 /* Build configuration list for PBXProject "SoundOverlow" */ = {
			isa = XCConfigurationList;
			buildConfigurations = (
				CB455F271FFC60B500B9D326 /* Debug */,
				CB455F281FFC60B500B9D326 /* Release */,
			);
			defaultConfigurationIsVisible = 0;
			defaultConfigurationName = Release;
		};
		CB455F291FFC60B500B9D326 /* Build configuration list for PBXNativeTarget "SoundOverlow" */ = {
			isa = XCConfigurationList;
			buildConfigurations = (
				CB455F2A1FFC60B500B9D326 /* Debug */,
				CB455F2B1FFC60B500B9D326 /* Release */,
			);
			defaultConfigurationIsVisible = 0;
			defaultConfigurationName = Release;
		};
/* End XCConfigurationList section */
	};
	rootObject = CB455F0F1FFC60B500B9D326 /* Project object */;
}
